
Microsoft Visual Studio Solution File, Format Version 12.00
# Visual Studio 15
VisualStudioVersion = 15.0.27428.2002
MinimumVisualStudioVersion = 10.0.40219.1
Project("{FAE04EC0-301F-11D3-BF4B-00C04F79EFBC}") = "WPFScadaDashboard", "WPFScadaDashboard\WPFScadaDashboard.csproj", "{B83E6C6F-B03A-4857-9DA4-0EFE11707087}"
EndProject
Global
	GlobalSection(SolutionConfigurationPlatforms) = preSolution
		Debug|Any CPU = Debug|Any CPU
		Release|Any CPU = Release|Any CPU
	EndGlobalSection
	GlobalSection(ProjectConfigurationPlatforms) = postSolution
		{B83E6C6F-B03A-4857-9DA4-0EFE11707087}.Debug|Any CPU.ActiveCfg = Debug|Any CPU
		{B83E6C6F-B03A-4857-9DA4-0EFE11707087}.Debug|Any CPU.Build.0 = Debug|Any CPU
		{B83E6C6F-B03A-4857-9DA4-0EFE11707087}.Release|Any CPU.ActiveCfg = Release|Any CPU
		{B83E6C6F-B03A-4857-9DA4-0EFE11707087}.Release|Any CPU.Build.0 = Release|Any CPU
	EndGlobalSection
	GlobalSection(SolutionProperties) = preSolution
		HideSolutionNode = FALSE
	EndGlobalSection
	GlobalSection(ExtensibilityGlobals) = postSolution
		SolutionGuid = {B7A95191-4666-45DB-9049-4759D3A0CCF2}
	EndGlobalSection
EndGlobal
